
Microsoft Visual Studio Solution File, Format Version 12.00
# Visual Studio Version 17
VisualStudioVersion = 17.4.33213.308
MinimumVisualStudioVersion = 10.0.40219.1
Project("{FAE04EC0-301F-11D3-BF4B-00C04F79EFBC}") = "GameMaintenance", "GameMaintenance\GameMaintenance.csproj", "{F1156100-0E58-4A75-B131-C51D1B2CC2DC}"
EndProject
Global
	GlobalSection(SolutionConfigurationPlatforms) = preSolution
		Debug|Any CPU = Debug|Any CPU
		Release|Any CPU = Release|Any CPU
	EndGlobalSection
	GlobalSection(ProjectConfigurationPlatforms) = postSolution
		{F1156100-0E58-4A75-B131-C51D1B2CC2DC}.Debug|Any CPU.ActiveCfg = Debug|Any CPU
		{F1156100-0E58-4A75-B131-C51D1B2CC2DC}.Debug|Any CPU.Build.0 = Debug|Any CPU
		{F1156100-0E58-4A75-B131-C51D1B2CC2DC}.Release|Any CPU.ActiveCfg = Release|Any CPU
		{F1156100-0E58-4A75-B131-C51D1B2CC2DC}.Release|Any CPU.Build.0 = Release|Any CPU
	EndGlobalSection
	GlobalSection(SolutionProperties) = preSolution
		HideSolutionNode = FALSE
	EndGlobalSection
	GlobalSection(ExtensibilityGlobals) = postSolution
		SolutionGuid = {EDC4D334-A0C8-4C1F-BC49-EE17721EB0A1}
	EndGlobalSection
EndGlobal
